// !$*UTF8*$!
{
	archiveVersion = 1;
	classes = {
	};
	objectVersion = 46;
	objects = {

/* Begin PBXBuildFile section */
		635A83AD1B7A5B1600574461 /* PersonStorage.swift in Sources */ = {isa = PBXBuildFile; fileRef = 635A83AC1B7A5B1600574461 /* PersonStorage.swift */; };
		637CC1EA1B795DD2000D85A0 /* AppDelegate.swift in Sources */ = {isa = PBXBuildFile; fileRef = 637CC1E91B795DD2000D85A0 /* AppDelegate.swift */; };
		637CC1ED1B795DD2000D85A0 /* ResultsFetcher.xcdatamodeld in Sources */ = {isa = PBXBuildFile; fileRef = 637CC1EB1B795DD2000D85A0 /* ResultsFetcher.xcdatamodeld */; };
		637CC1F21B795DD2000D85A0 /* Main.storyboard in Resources */ = {isa = PBXBuildFile; fileRef = 637CC1F01B795DD2000D85A0 /* Main.storyboard */; };
		637CC1F41B795DD2000D85A0 /* Images.xcassets in Resources */ = {isa = PBXBuildFile; fileRef = 637CC1F31B795DD2000D85A0 /* Images.xcassets */; };
		637CC1F71B795DD2000D85A0 /* LaunchScreen.xib in Resources */ = {isa = PBXBuildFile; fileRef = 637CC1F51B795DD2000D85A0 /* LaunchScreen.xib */; };
		637CC2031B795DD2000D85A0 /* ResultsFetcherTests.swift in Sources */ = {isa = PBXBuildFile; fileRef = 637CC2021B795DD2000D85A0 /* ResultsFetcherTests.swift */; };
		637CC20D1B795E19000D85A0 /* CoreDataStack.swift in Sources */ = {isa = PBXBuildFile; fileRef = 637CC20C1B795E19000D85A0 /* CoreDataStack.swift */; };
		637CC20F1B795F56000D85A0 /* Person.swift in Sources */ = {isa = PBXBuildFile; fileRef = 637CC20E1B795F56000D85A0 /* Person.swift */; };
		637CC2111B7960F0000D85A0 /* PersonsTVC.swift in Sources */ = {isa = PBXBuildFile; fileRef = 637CC2101B7960F0000D85A0 /* PersonsTVC.swift */; };
		637CC2131B79794A000D85A0 /* PersistanceStore.swift in Sources */ = {isa = PBXBuildFile; fileRef = 637CC2121B79794A000D85A0 /* PersistanceStore.swift */; };
/* End PBXBuildFile section */

/* Begin PBXContainerItemProxy section */
		637CC1FD1B795DD2000D85A0 /* PBXContainerItemProxy */ = {
			isa = PBXContainerItemProxy;
			containerPortal = 637CC1DC1B795DD2000D85A0 /* Project object */;
			proxyType = 1;
			remoteGlobalIDString = 637CC1E31B795DD2000D85A0;
			remoteInfo = ResultsFetcher;
		};
/* End PBXContainerItemProxy section */

/* Begin PBXFileReference section */
		635A83AC1B7A5B1600574461 /* PersonStorage.swift */ = {isa = PBXFileReference; fileEncoding = 4; lastKnownFileType = sourcecode.swift; path = PersonStorage.swift; sourceTree = "<group>"; };
		637CC1E41B795DD2000D85A0 /* ResultsFetcher.app */ = {isa = PBXFileReference; explicitFileType = wrapper.application; includeInIndex = 0; path = ResultsFetcher.app; sourceTree = BUILT_PRODUCTS_DIR; };
		637CC1E81B795DD2000D85A0 /* Info.plist */ = {isa = PBXFileReference; lastKnownFileType = text.plist.xml; path = Info.plist; sourceTree = "<group>"; };
		637CC1E91B795DD2000D85A0 /* AppDelegate.swift */ = {isa = PBXFileReference; lastKnownFileType = sourcecode.swift; path = AppDelegate.swift; sourceTree = "<group>"; };
		637CC1EC1B795DD2000D85A0 /* ResultsFetcher.xcdatamodel */ = {isa = PBXFileReference; lastKnownFileType = wrapper.xcdatamodel; path = ResultsFetcher.xcdatamodel; sourceTree = "<group>"; };
		637CC1F11B795DD2000D85A0 /* Base */ = {isa = PBXFileReference; lastKnownFileType = file.storyboard; name = Base; path = Base.lproj/Main.storyboard; sourceTree = "<group>"; };
		637CC1F31B795DD2000D85A0 /* Images.xcassets */ = {isa = PBXFileReference; lastKnownFileType = folder.assetcatalog; path = Images.xcassets; sourceTree = "<group>"; };
		637CC1F61B795DD2000D85A0 /* Base */ = {isa = PBXFileReference; lastKnownFileType = file.xib; name = Base; path = Base.lproj/LaunchScreen.xib; sourceTree = "<group>"; };
		637CC1FC1B795DD2000D85A0 /* ResultsFetcherTests.xctest */ = {isa = PBXFileReference; explicitFileType = wrapper.cfbundle; includeInIndex = 0; path = ResultsFetcherTests.xctest; sourceTree = BUILT_PRODUCTS_DIR; };
		637CC2011B795DD2000D85A0 /* Info.plist */ = {isa = PBXFileReference; lastKnownFileType = text.plist.xml; path = Info.plist; sourceTree = "<group>"; };
		637CC2021B795DD2000D85A0 /* ResultsFetcherTests.swift */ = {isa = PBXFileReference; lastKnownFileType = sourcecode.swift; path = ResultsFetcherTests.swift; sourceTree = "<group>"; };
		637CC20C1B795E19000D85A0 /* CoreDataStack.swift */ = {isa = PBXFileReference; fileEncoding = 4; lastKnownFileType = sourcecode.swift; path = CoreDataStack.swift; sourceTree = "<group>"; };
		637CC20E1B795F56000D85A0 /* Person.swift */ = {isa = PBXFileReference; fileEncoding = 4; lastKnownFileType = sourcecode.swift; path = Person.swift; sourceTree = "<group>"; };
		637CC2101B7960F0000D85A0 /* PersonsTVC.swift */ = {isa = PBXFileReference; fileEncoding = 4; lastKnownFileType = sourcecode.swift; path = PersonsTVC.swift; sourceTree = "<group>"; };
		637CC2121B79794A000D85A0 /* PersistanceStore.swift */ = {isa = PBXFileReference; fileEncoding = 4; lastKnownFileType = sourcecode.swift; path = PersistanceStore.swift; sourceTree = "<group>"; };
/* End PBXFileReference section */

/* Begin PBXFrameworksBuildPhase section */
		637CC1E11B795DD2000D85A0 /* Frameworks */ = {
			isa = PBXFrameworksBuildPhase;
			buildActionMask = 2147483647;
			files = (
			);
			runOnlyForDeploymentPostprocessing = 0;
		};
		637CC1F91B795DD2000D85A0 /* Frameworks */ = {
			isa = PBXFrameworksBuildPhase;
			buildActionMask = 2147483647;
			files = (
			);
			runOnlyForDeploymentPostprocessing = 0;
		};
/* End PBXFrameworksBuildPhase section */

/* Begin PBXGroup section */
		637CC1DB1B795DD2000D85A0 = {
			isa = PBXGroup;
			children = (
				637CC1E61B795DD2000D85A0 /* ResultsFetcher */,
				637CC1FF1B795DD2000D85A0 /* ResultsFetcherTests */,
				637CC1E51B795DD2000D85A0 /* Products */,
			);
			sourceTree = "<group>";
		};
		637CC1E51B795DD2000D85A0 /* Products */ = {
			isa = PBXGroup;
			children = (
				637CC1E41B795DD2000D85A0 /* ResultsFetcher.app */,
				637CC1FC1B795DD2000D85A0 /* ResultsFetcherTests.xctest */,
			);
			name = Products;
			sourceTree = "<group>";
		};
		637CC1E61B795DD2000D85A0 /* ResultsFetcher */ = {
			isa = PBXGroup;
			children = (
				637CC1E91B795DD2000D85A0 /* AppDelegate.swift */,
				637CC20E1B795F56000D85A0 /* Person.swift */,
				637CC20C1B795E19000D85A0 /* CoreDataStack.swift */,
				635A83AC1B7A5B1600574461 /* PersonStorage.swift */,
				637CC2121B79794A000D85A0 /* PersistanceStore.swift */,
				637CC1F01B795DD2000D85A0 /* Main.storyboard */,
				637CC2101B7960F0000D85A0 /* PersonsTVC.swift */,
				637CC1F31B795DD2000D85A0 /* Images.xcassets */,
				637CC1F51B795DD2000D85A0 /* LaunchScreen.xib */,
				637CC1EB1B795DD2000D85A0 /* ResultsFetcher.xcdatamodeld */,
				637CC1E71B795DD2000D85A0 /* Supporting Files */,
			);
			path = ResultsFetcher;
			sourceTree = "<group>";
		};
		637CC1E71B795DD2000D85A0 /* Supporting Files */ = {
			isa = PBXGroup;
			children = (
				637CC1E81B795DD2000D85A0 /* Info.plist */,
			);
			name = "Supporting Files";
			sourceTree = "<group>";
		};
		637CC1FF1B795DD2000D85A0 /* ResultsFetcherTests */ = {
			isa = PBXGroup;
			children = (
				637CC2021B795DD2000D85A0 /* ResultsFetcherTests.swift */,
				637CC2001B795DD2000D85A0 /* Supporting Files */,
			);
			path = ResultsFetcherTests;
			sourceTree = "<group>";
		};
		637CC2001B795DD2000D85A0 /* Supporting Files */ = {
			isa = PBXGroup;
			children = (
				637CC2011B795DD2000D85A0 /* Info.plist */,
			);
			name = "Supporting Files";
			sourceTree = "<group>";
		};
/* End PBXGroup section */

/* Begin PBXNativeTarget section */
		637CC1E31B795DD2000D85A0 /* ResultsFetcher */ = {
			isa = PBXNativeTarget;
			buildConfigurationList = 637CC2061B795DD2000D85A0 /* Build configuration list for PBXNativeTarget "ResultsFetcher" */;
			buildPhases = (
				637CC1E01B795DD2000D85A0 /* Sources */,
				637CC1E11B795DD2000D85A0 /* Frameworks */,
				637CC1E21B795DD2000D85A0 /* Resources */,
			);
			buildRules = (
			);
			dependencies = (
			);
			name = ResultsFetcher;
			productName = ResultsFetcher;
			productReference = 637CC1E41B795DD2000D85A0 /* ResultsFetcher.app */;
			productType = "com.apple.product-type.application";
		};
		637CC1FB1B795DD2000D85A0 /* ResultsFetcherTests */ = {
			isa = PBXNativeTarget;
			buildConfigurationList = 637CC2091B795DD2000D85A0 /* Build configuration list for PBXNativeTarget "ResultsFetcherTests" */;
			buildPhases = (
				637CC1F81B795DD2000D85A0 /* Sources */,
				637CC1F91B795DD2000D85A0 /* Frameworks */,
				637CC1FA1B795DD2000D85A0 /* Resources */,
			);
			buildRules = (
			);
			dependencies = (
				637CC1FE1B795DD2000D85A0 /* PBXTargetDependency */,
			);
			name = ResultsFetcherTests;
			productName = ResultsFetcherTests;
			productReference = 637CC1FC1B795DD2000D85A0 /* ResultsFetcherTests.xctest */;
			productType = "com.apple.product-type.bundle.unit-test";
		};
/* End PBXNativeTarget section */

/* Begin PBXProject section */
		637CC1DC1B795DD2000D85A0 /* Project object */ = {
			isa = PBXProject;
			attributes = {
				LastSwiftUpdateCheck = 0700;
				LastUpgradeCheck = 0700;
				ORGANIZATIONNAME = "Artemiy Sobolev";
				TargetAttributes = {
					637CC1E31B795DD2000D85A0 = {
						CreatedOnToolsVersion = 6.4;
					};
					637CC1FB1B795DD2000D85A0 = {
						CreatedOnToolsVersion = 6.4;
						TestTargetID = 637CC1E31B795DD2000D85A0;
					};
				};
			};
			buildConfigurationList = 637CC1DF1B795DD2000D85A0 /* Build configuration list for PBXProject "ResultsFetcher" */;
			compatibilityVersion = "Xcode 3.2";
			developmentRegion = English;
			hasScannedForEncodings = 0;
			knownRegions = (
				en,
				Base,
			);
			mainGroup = 637CC1DB1B795DD2000D85A0;
			productRefGroup = 637CC1E51B795DD2000D85A0 /* Products */;
			projectDirPath = "";
			projectRoot = "";
			targets = (
				637CC1E31B795DD2000D85A0 /* ResultsFetcher */,
				637CC1FB1B795DD2000D85A0 /* ResultsFetcherTests */,
			);
		};
/* End PBXProject section */

/* Begin PBXResourcesBuildPhase section */
		637CC1E21B795DD2000D85A0 /* Resources */ = {
			isa = PBXResourcesBuildPhase;
			buildActionMask = 2147483647;
			files = (
				637CC1F21B795DD2000D85A0 /* Main.storyboard in Resources */,
				637CC1F71B795DD2000D85A0 /* LaunchScreen.xib in Resources */,
				637CC1F41B795DD2000D85A0 /* Images.xcassets in Resources */,
			);
			runOnlyForDeploymentPostprocessing = 0;
		};
		637CC1FA1B795DD2000D85A0 /* Resources */ = {
			isa = PBXResourcesBuildPhase;
			buildActionMask = 2147483647;
			files = (
			);
			runOnlyForDeploymentPostprocessing = 0;
		};
/* End PBXResourcesBuildPhase section */

/* Begin PBXSourcesBuildPhase section */
		637CC1E01B795DD2000D85A0 /* Sources */ = {
			isa = PBXSourcesBuildPhase;
			buildActionMask = 2147483647;
			files = (
				637CC20F1B795F56000D85A0 /* Person.swift in Sources */,
				637CC1ED1B795DD2000D85A0 /* ResultsFetcher.xcdatamodeld in Sources */,
				637CC1EA1B795DD2000D85A0 /* AppDelegate.swift in Sources */,
				637CC2131B79794A000D85A0 /* PersistanceStore.swift in Sources */,
				637CC2111B7960F0000D85A0 /* PersonsTVC.swift in Sources */,
				635A83AD1B7A5B1600574461 /* PersonStorage.swift in Sources */,
				637CC20D1B795E19000D85A0 /* CoreDataStack.swift in Sources */,
			);
			runOnlyForDeploymentPostprocessing = 0;
		};
		637CC1F81B795DD2000D85A0 /* Sources */ = {
			isa = PBXSourcesBuildPhase;
			buildActionMask = 2147483647;
			files = (
				637CC2031B795DD2000D85A0 /* ResultsFetcherTests.swift in Sources */,
			);
			runOnlyForDeploymentPostprocessing = 0;
		};
/* End PBXSourcesBuildPhase section */

/* Begin PBXTargetDependency section */
		637CC1FE1B795DD2000D85A0 /* PBXTargetDependency */ = {
			isa = PBXTargetDependency;
			target = 637CC1E31B795DD2000D85A0 /* ResultsFetcher */;
			targetProxy = 637CC1FD1B795DD2000D85A0 /* PBXContainerItemProxy */;
		};
/* End PBXTargetDependency section */

/* Begin PBXVariantGroup section */
		637CC1F01B795DD2000D85A0 /* Main.storyboard */ = {
			isa = PBXVariantGroup;
			children = (
				637CC1F11B795DD2000D85A0 /* Base */,
			);
			name = Main.storyboard;
			sourceTree = "<group>";
		};
		637CC1F51B795DD2000D85A0 /* LaunchScreen.xib */ = {
			isa = PBXVariantGroup;
			children = (
				637CC1F61B795DD2000D85A0 /* Base */,
			);
			name = LaunchScreen.xib;
			sourceTree = "<group>";
		};
/* End PBXVariantGroup section */

/* Begin XCBuildConfiguration section */
		637CC2041B795DD2000D85A0 /* Debug */ = {
			isa = XCBuildConfiguration;
			buildSettings = {
				ALWAYS_SEARCH_USER_PATHS = NO;
				CLANG_CXX_LANGUAGE_STANDARD = "gnu++0x";
				CLANG_CXX_LIBRARY = "libc++";
				CLANG_ENABLE_MODULES = YES;
				CLANG_ENABLE_OBJC_ARC = YES;
				CLANG_WARN_BOOL_CONVERSION = YES;
				CLANG_WARN_CONSTANT_CONVERSION = YES;
				CLANG_WARN_DIRECT_OBJC_ISA_USAGE = YES_ERROR;
				CLANG_WARN_EMPTY_BODY = YES;
				CLANG_WARN_ENUM_CONVERSION = YES;
				CLANG_WARN_INT_CONVERSION = YES;
				CLANG_WARN_OBJC_ROOT_CLASS = YES_ERROR;
				CLANG_WARN_UNREACHABLE_CODE = YES;
				CLANG_WARN__DUPLICATE_METHOD_MATCH = YES;
				"CODE_SIGN_IDENTITY[sdk=iphoneos*]" = "iPhone Developer";
				COPY_PHASE_STRIP = NO;
				DEBUG_INFORMATION_FORMAT = "dwarf-with-dsym";
				ENABLE_STRICT_OBJC_MSGSEND = YES;
				ENABLE_TESTABILITY = YES;
				GCC_C_LANGUAGE_STANDARD = gnu99;
				GCC_DYNAMIC_NO_PIC = NO;
				GCC_NO_COMMON_BLOCKS = YES;
				GCC_OPTIMIZATION_LEVEL = 0;
				GCC_PREPROCESSOR_DEFINITIONS = (
					"DEBUG=1",
					"$(inherited)",
				);
				GCC_SYMBOLS_PRIVATE_EXTERN = NO;
				GCC_WARN_64_TO_32_BIT_CONVERSION = YES;
				GCC_WARN_ABOUT_RETURN_TYPE = YES_ERROR;
				GCC_WARN_UNDECLARED_SELECTOR = YES;
				GCC_WARN_UNINITIALIZED_AUTOS = YES_AGGRESSIVE;
				GCC_WARN_UNUSED_FUNCTION = YES;
				GCC_WARN_UNUSED_VARIABLE = YES;
				IPHONEOS_DEPLOYMENT_TARGET = 8.4;
				MTL_ENABLE_DEBUG_INFO = YES;
				ONLY_ACTIVE_ARCH = YES;
				SDKROOT = iphoneos;
				SWIFT_OPTIMIZATION_LEVEL = "-Onone";
				TARGETED_DEVICE_FAMILY = "1,2";
			};
			name = Debug;
		};
		637CC2051B795DD2000D85A0 /* Release */ = {
			isa = XCBuildConfiguration;
			buildSettings = {
				ALWAYS_SEARCH_USER_PATHS = NO;
				CLANG_CXX_LANGUAGE_STANDARD = "gnu++0x";
				CLANG_CXX_LIBRARY = "libc++";
				CLANG_ENABLE_MODULES = YES;
				CLANG_ENABLE_OBJC_ARC = YES;
				CLANG_WARN_BOOL_CONVERSION = YES;
				CLANG_WARN_CONSTANT_CONVERSION = YES;
				CLANG_WARN_DIRECT_OBJC_ISA_USAGE = YES_ERROR;
				CLANG_WARN_EMPTY_BODY = YES;
				CLANG_WARN_ENUM_CONVERSION = YES;
				CLANG_WARN_INT_CONVERSION = YES;
				CLANG_WARN_OBJC_ROOT_CLASS = YES_ERROR;
				CLANG_WARN_UNREACHABLE_CODE = YES;
				CLANG_WARN__DUPLICATE_METHOD_MATCH = YES;
				"CODE_SIGN_IDENTITY[sdk=iphoneos*]" = "iPhone Developer";
				COPY_PHASE_STRIP = NO;
				DEBUG_INFORMATION_FORMAT = "dwarf-with-dsym";
				ENABLE_NS_ASSERTIONS = NO;
				ENABLE_STRICT_OBJC_MSGSEND = YES;
				GCC_C_LANGUAGE_STANDARD = gnu99;
				GCC_NO_COMMON_BLOCKS = YES;
				GCC_WARN_64_TO_32_BIT_CONVERSION = YES;
				GCC_WARN_ABOUT_RETURN_TYPE = YES_ERROR;
				GCC_WARN_UNDECLARED_SELECTOR = YES;
				GCC_WARN_UNINITIALIZED_AUTOS = YES_AGGRESSIVE;
				GCC_WARN_UNUSED_FUNCTION = YES;
				GCC_WARN_UNUSED_VARIABLE = YES;
				IPHONEOS_DEPLOYMENT_TARGET = 8.4;
				MTL_ENABLE_DEBUG_INFO = NO;
				SDKROOT = iphoneos;
				TARGETED_DEVICE_FAMILY = "1,2";
				VALIDATE_PRODUCT = YES;
			};
			name = Release;
		};
		637CC2071B795DD2000D85A0 /* Debug */ = {
			isa = XCBuildConfiguration;
			buildSettings = {
				ASSETCATALOG_COMPILER_APPICON_NAME = AppIcon;
				INFOPLIST_FILE = ResultsFetcher/Info.plist;
				LD_RUNPATH_SEARCH_PATHS = "$(inherited) @executable_path/Frameworks";
				PRODUCT_BUNDLE_IDENTIFIER = "com.parallels.$(PRODUCT_NAME:rfc1034identifier)";
				PRODUCT_NAME = "$(TARGET_NAME)";
			};
			name = Debug;
		};
		637CC2081B795DD2000D85A0 /* Release */ = {
			isa = XCBuildConfiguration;
			buildSettings = {
				ASSETCATALOG_COMPILER_APPICON_NAME = AppIcon;
				INFOPLIST_FILE = ResultsFetcher/Info.plist;
				LD_RUNPATH_SEARCH_PATHS = "$(inherited) @executable_path/Frameworks";
				PRODUCT_BUNDLE_IDENTIFIER = "com.parallels.$(PRODUCT_NAME:rfc1034identifier)";
				PRODUCT_NAME = "$(TARGET_NAME)";
			};
			name = Release;
		};
		637CC20A1B795DD2000D85A0 /* Debug */ = {
			isa = XCBuildConfiguration;
			buildSettings = {
				BUNDLE_LOADER = "$(TEST_HOST)";
				FRAMEWORK_SEARCH_PATHS = (
					"$(SDKROOT)/Developer/Library/Frameworks",
					"$(inherited)",
				);
				GCC_PREPROCESSOR_DEFINITIONS = (
					"DEBUG=1",
					"$(inherited)",
				);
				INFOPLIST_FILE = ResultsFetcherTests/Info.plist;
				LD_RUNPATH_SEARCH_PATHS = "$(inherited) @executable_path/Frameworks @loader_path/Frameworks";
				PRODUCT_BUNDLE_IDENTIFIER = "com.parallels.$(PRODUCT_NAME:rfc1034identifier)";
				PRODUCT_NAME = "$(TARGET_NAME)";
				TEST_HOST = "$(BUILT_PRODUCTS_DIR)/ResultsFetcher.app/ResultsFetcher";
			};
			name = Debug;
		};
		637CC20B1B795DD2000D85A0 /* Release */ = {
			isa = XCBuildConfiguration;
			buildSettings = {
				BUNDLE_LOADER = "$(TEST_HOST)";
				FRAMEWORK_SEARCH_PATHS = (
					"$(SDKROOT)/Developer/Library/Frameworks",
					"$(inherited)",
				);
				INFOPLIST_FILE = ResultsFetcherTests/Info.plist;
				LD_RUNPATH_SEARCH_PATHS = "$(inherited) @executable_path/Frameworks @loader_path/Frameworks";
				PRODUCT_BUNDLE_IDENTIFIER = "com.parallels.$(PRODUCT_NAME:rfc1034identifier)";
				PRODUCT_NAME = "$(TARGET_NAME)";
				TEST_HOST = "$(BUILT_PRODUCTS_DIR)/ResultsFetcher.app/ResultsFetcher";
			};
			name = Release;
		};
/* End XCBuildConfiguration section */

/* Begin XCConfigurationList section */
		637CC1DF1B795DD2000D85A0 /* Build configuration list for PBXProject "ResultsFetcher" */ = {
			isa = XCConfigurationList;
			buildConfigurations = (
				637CC2041B795DD2000D85A0 /* Debug */,
				637CC2051B795DD2000D85A0 /* Release */,
			);
			defaultConfigurationIsVisible = 0;
			defaultConfigurationName = Release;
		};
		637CC2061B795DD2000D85A0 /* Build configuration list for PBXNativeTarget "ResultsFetcher" */ = {
			isa = XCConfigurationList;
			buildConfigurations = (
				637CC2071B795DD2000D85A0 /* Debug */,
				637CC2081B795DD2000D85A0 /* Release */,
			);
			defaultConfigurationIsVisible = 0;
			defaultConfigurationName = Release;
		};
		637CC2091B795DD2000D85A0 /* Build configuration list for PBXNativeTarget "ResultsFetcherTests" */ = {
			isa = XCConfigurationList;
			buildConfigurations = (
				637CC20A1B795DD2000D85A0 /* Debug */,
				637CC20B1B795DD2000D85A0 /* Release */,
			);
			defaultConfigurationIsVisible = 0;
			defaultConfigurationName = Release;
		};
/* End XCConfigurationList section */

/* Begin XCVersionGroup section */
		637CC1EB1B795DD2000D85A0 /* ResultsFetcher.xcdatamodeld */ = {
			isa = XCVersionGroup;
			children = (
				637CC1EC1B795DD2000D85A0 /* ResultsFetcher.xcdatamodel */,
			);
			currentVersion = 637CC1EC1B795DD2000D85A0 /* ResultsFetcher.xcdatamodel */;
			path = ResultsFetcher.xcdatamodeld;
			sourceTree = "<group>";
			versionGroupType = wrapper.xcdatamodel;
		};
/* End XCVersionGroup section */
	};
	rootObject = 637CC1DC1B795DD2000D85A0 /* Project object */;
}
